PODS:
  - BuildaUtils (0.2.8):
    - SwiftSafe (~> 0.1)
  - SwiftSafe (0.1)
  - XcodeServerSDK (0.5.7):
    - BuildaUtils (~> 0.2.3)

DEPENDENCIES:
  - XcodeServerSDK

SPEC CHECKSUMS:
  BuildaUtils: 0974c128ace30916b9b9429e8585c1c6402593dd
  SwiftSafe: 77ffd12b02678790bec1ef56a2d14ec5036f1fd6
  XcodeServerSDK: 34e18e12f683fec69ad0a1897d1f5447a660a927

COCOAPODS: 0.39.0
